
Microsoft Visual Studio Solution File, Format Version 12.00
# Visual Studio Version 16
VisualStudioVersion = 16.0.30128.74
MinimumVisualStudioVersion = 10.0.40219.1
Project("{FAE04EC0-301F-11D3-BF4B-00C04F79EFBC}") = "BackEnd", "BackEnd\BackEnd.csproj", "{7C69310E-59B2-457F-972F-A9B4758AC4E8}"
EndProject
Project("{FAE04EC0-301F-11D3-BF4B-00C04F79EFBC}") = "FrontEndV2", "FrontEndV2\FrontEndV2.csproj", "{F58E3DB3-A88C-4A97-A3CF-2BE64CABF557}"
EndProject
Global
	GlobalSection(SolutionConfigurationPlatforms) = preSolution
		Debug|Any CPU = Debug|Any CPU
		Release|Any CPU = Release|Any CPU
	EndGlobalSection
	GlobalSection(ProjectConfigurationPlatforms) = postSolution
		{7C69310E-59B2-457F-972F-A9B4758AC4E8}.Debug|Any CPU.ActiveCfg = Debug|Any CPU
		{7C69310E-59B2-457F-972F-A9B4758AC4E8}.Debug|Any CPU.Build.0 = Debug|Any CPU
		{7C69310E-59B2-457F-972F-A9B4758AC4E8}.Release|Any CPU.ActiveCfg = Release|Any CPU
		{7C69310E-59B2-457F-972F-A9B4758AC4E8}.Release|Any CPU.Build.0 = Release|Any CPU
		{F58E3DB3-A88C-4A97-A3CF-2BE64CABF557}.Debug|Any CPU.ActiveCfg = Debug|Any CPU
		{F58E3DB3-A88C-4A97-A3CF-2BE64CABF557}.Debug|Any CPU.Build.0 = Debug|Any CPU
		{F58E3DB3-A88C-4A97-A3CF-2BE64CABF557}.Release|Any CPU.ActiveCfg = Release|Any CPU
		{F58E3DB3-A88C-4A97-A3CF-2BE64CABF557}.Release|Any CPU.Build.0 = Release|Any CPU
	EndGlobalSection
	GlobalSection(SolutionProperties) = preSolution
		HideSolutionNode = FALSE
	EndGlobalSection
	GlobalSection(ExtensibilityGlobals) = postSolution
		SolutionGuid = {2758E41C-F8F7-4EBF-B176-B93301B88829}
	EndGlobalSection
EndGlobal
